
Microsoft Visual Studio Solution File, Format Version 12.00
# Visual Studio Version 17
VisualStudioVersion = 17.8.34309.116
MinimumVisualStudioVersion = 10.0.40219.1
Project("{FAE04EC0-301F-11D3-BF4B-00C04F79EFBC}") = "ConorDnD5eInitiativeTracker", "ConorDnD5eInitiativeTracker\ConorDnD5eInitiativeTracker.csproj", "{295625A7-8177-480B-8718-3D76CDDBB45D}"
EndProject
Project("{9A19103F-16F7-4668-BE54-9A1E7A4F7556}") = "DnDInitiativeTrackerTest", "DnDInitiativeTrackerTest\DnDInitiativeTrackerTest.csproj", "{312A9FA5-7BC0-46E8-878A-4518F61E9E10}"
EndProject
Project("{FAE04EC0-301F-11D3-BF4B-00C04F79EFBC}") = "PopulateDatabaseTables", "PopulateDatabaseTables\PopulateDatabaseTables.csproj", "{22785642-CF30-4D7E-A99F-E605BA6C8C97}"
EndProject
Project("{FAE04EC0-301F-11D3-BF4B-00C04F79EFBC}") = "DatabaseLibrary", "DatabaseLibrary\DatabaseLibrary.csproj", "{267D4FC5-C355-4CE1-A05F-1E55070417B0}"
EndProject
Global
	GlobalSection(SolutionConfigurationPlatforms) = preSolution
		Debug|Any CPU = Debug|Any CPU
		Release|Any CPU = Release|Any CPU
	EndGlobalSection
	GlobalSection(ProjectConfigurationPlatforms) = postSolution
		{295625A7-8177-480B-8718-3D76CDDBB45D}.Debug|Any CPU.ActiveCfg = Debug|Any CPU
		{295625A7-8177-480B-8718-3D76CDDBB45D}.Debug|Any CPU.Build.0 = Debug|Any CPU
		{295625A7-8177-480B-8718-3D76CDDBB45D}.Release|Any CPU.ActiveCfg = Release|Any CPU
		{295625A7-8177-480B-8718-3D76CDDBB45D}.Release|Any CPU.Build.0 = Release|Any CPU
		{312A9FA5-7BC0-46E8-878A-4518F61E9E10}.Debug|Any CPU.ActiveCfg = Debug|Any CPU
		{312A9FA5-7BC0-46E8-878A-4518F61E9E10}.Debug|Any CPU.Build.0 = Debug|Any CPU
		{312A9FA5-7BC0-46E8-878A-4518F61E9E10}.Release|Any CPU.ActiveCfg = Release|Any CPU
		{312A9FA5-7BC0-46E8-878A-4518F61E9E10}.Release|Any CPU.Build.0 = Release|Any CPU
		{22785642-CF30-4D7E-A99F-E605BA6C8C97}.Debug|Any CPU.ActiveCfg = Debug|Any CPU
		{22785642-CF30-4D7E-A99F-E605BA6C8C97}.Debug|Any CPU.Build.0 = Debug|Any CPU
		{22785642-CF30-4D7E-A99F-E605BA6C8C97}.Release|Any CPU.ActiveCfg = Release|Any CPU
		{22785642-CF30-4D7E-A99F-E605BA6C8C97}.Release|Any CPU.Build.0 = Release|Any CPU
		{267D4FC5-C355-4CE1-A05F-1E55070417B0}.Debug|Any CPU.ActiveCfg = Debug|Any CPU
		{267D4FC5-C355-4CE1-A05F-1E55070417B0}.Debug|Any CPU.Build.0 = Debug|Any CPU
		{267D4FC5-C355-4CE1-A05F-1E55070417B0}.Release|Any CPU.ActiveCfg = Release|Any CPU
		{267D4FC5-C355-4CE1-A05F-1E55070417B0}.Release|Any CPU.Build.0 = Release|Any CPU
	EndGlobalSection
	GlobalSection(SolutionProperties) = preSolution
		HideSolutionNode = FALSE
	EndGlobalSection
	GlobalSection(ExtensibilityGlobals) = postSolution
		SolutionGuid = {F21082FD-1AE8-4A2A-B318-6365AC79B6D6}
	EndGlobalSection
EndGlobal
